
Microsoft Visual Studio Solution File, Format Version 12.00
# Visual Studio 15
VisualStudioVersion = 15.0.27703.2042
MinimumVisualStudioVersion = 10.0.40219.1
Project("{FAE04EC0-301F-11D3-BF4B-00C04F79EFBC}") = "Drvogalant", "Drvogalant\Drvogalant.csproj", "{27C4881D-7438-4DBC-A69C-1FF95C55B643}"
EndProject
Project("{FAE04EC0-301F-11D3-BF4B-00C04F79EFBC}") = "LatexDocument", "..\..\..\Desktop\LatexDocument-master\LatexDocument\LatexDocument.csproj", "{5384B1E5-5479-4637-8F84-C6B9557CA154}"
EndProject
Global
	GlobalSection(SolutionConfigurationPlatforms) = preSolution
		Debug|Any CPU = Debug|Any CPU
		Release|Any CPU = Release|Any CPU
	EndGlobalSection
	GlobalSection(ProjectConfigurationPlatforms) = postSolution
		{27C4881D-7438-4DBC-A69C-1FF95C55B643}.Debug|Any CPU.ActiveCfg = Debug|Any CPU
		{27C4881D-7438-4DBC-A69C-1FF95C55B643}.Debug|Any CPU.Build.0 = Debug|Any CPU
		{27C4881D-7438-4DBC-A69C-1FF95C55B643}.Release|Any CPU.ActiveCfg = Release|Any CPU
		{27C4881D-7438-4DBC-A69C-1FF95C55B643}.Release|Any CPU.Build.0 = Release|Any CPU
		{5384B1E5-5479-4637-8F84-C6B9557CA154}.Debug|Any CPU.ActiveCfg = Debug|Any CPU
		{5384B1E5-5479-4637-8F84-C6B9557CA154}.Debug|Any CPU.Build.0 = Debug|Any CPU
		{5384B1E5-5479-4637-8F84-C6B9557CA154}.Release|Any CPU.ActiveCfg = Release|Any CPU
		{5384B1E5-5479-4637-8F84-C6B9557CA154}.Release|Any CPU.Build.0 = Release|Any CPU
	EndGlobalSection
	GlobalSection(SolutionProperties) = preSolution
		HideSolutionNode = FALSE
	EndGlobalSection
	GlobalSection(ExtensibilityGlobals) = postSolution
		SolutionGuid = {EA22EF46-0C8E-44C0-90BA-2B900F162961}
	EndGlobalSection
EndGlobal
